// !$*UTF8*$!
{
	archiveVersion = 1;
	classes = {
	};
	objectVersion = 50;
	objects = {

/* Begin PBXBuildFile section */
		092FC54A2192F29E00091D87 /* YJHttpTool.m in Sources */ = {isa = PBXBuildFile; fileRef = 092FC5492192F29D00091D87 /* YJHttpTool.m */; };
		09AEA9FE21789A8E00F315B9 /* AppDelegate.m in Sources */ = {isa = PBXBuildFile; fileRef = 09AEA9FD21789A8E00F315B9 /* AppDelegate.m */; };
		09AEAA0121789A8E00F315B9 /* ViewController.m in Sources */ = {isa = PBXBuildFile; fileRef = 09AEAA0021789A8E00F315B9 /* ViewController.m */; };
		09AEAA0421789A8E00F315B9 /* Main.storyboard in Resources */ = {isa = PBXBuildFile; fileRef = 09AEAA0221789A8E00F315B9 /* Main.storyboard */; };
		09AEAA0621789A8F00F315B9 /* Assets.xcassets in Resources */ = {isa = PBXBuildFile; fileRef = 09AEAA0521789A8F00F315B9 /* Assets.xcassets */; };
		09AEAA0921789A8F00F315B9 /* LaunchScreen.storyboard in Resources */ = {isa = PBXBuildFile; fileRef = 09AEAA0721789A8F00F315B9 /* LaunchScreen.storyboard */; };
		09AEAA0C21789A8F00F315B9 /* main.m in Sources */ = {isa = PBXBuildFile; fileRef = 09AEAA0B21789A8F00F315B9 /* main.m */; };
		194E0A199D1A78344E1599D6 /* libPods-YJHttpToolExample.a in Frameworks */ = {isa = PBXBuildFile; fileRef = F5C54AC71F540FE55A8A9B9B /* libPods-YJHttpToolExample.a */; };
/* End PBXBuildFile section */

/* Begin PBXFileReference section */
		092FC5482192F29D00091D87 /* YJHttpTool.h */ = {isa = PBXFileReference; fileEncoding = 4; lastKnownFileType = sourcecode.c.h; path = YJHttpTool.h; sourceTree = "<group>"; };
		092FC5492192F29D00091D87 /* YJHttpTool.m */ = {isa = PBXFileReference; fileEncoding = 4; lastKnownFileType = sourcecode.c.objc; path = YJHttpTool.m; sourceTree = "<group>"; };
		09AEA9F921789A8E00F315B9 /* YJHttpToolExample.app */ = {isa = PBXFileReference; explicitFileType = wrapper.application; includeInIndex = 0; path = YJHttpToolExample.app; sourceTree = BUILT_PRODUCTS_DIR; };
		09AEA9FC21789A8E00F315B9 /* AppDelegate.h */ = {isa = PBXFileReference; lastKnownFileType = sourcecode.c.h; path = AppDelegate.h; sourceTree = "<group>"; };
		09AEA9FD21789A8E00F315B9 /* AppDelegate.m */ = {isa = PBXFileReference; lastKnownFileType = sourcecode.c.objc; path = AppDelegate.m; sourceTree = "<group>"; };
		09AEA9FF21789A8E00F315B9 /* ViewController.h */ = {isa = PBXFileReference; lastKnownFileType = sourcecode.c.h; path = ViewController.h; sourceTree = "<group>"; };
		09AEAA0021789A8E00F315B9 /* ViewController.m */ = {isa = PBXFileReference; lastKnownFileType = sourcecode.c.objc; path = ViewController.m; sourceTree = "<group>"; };
		09AEAA0321789A8E00F315B9 /* Base */ = {isa = PBXFileReference; lastKnownFileType = file.storyboard; name = Base; path = Base.lproj/Main.storyboard; sourceTree = "<group>"; };
		09AEAA0521789A8F00F315B9 /* Assets.xcassets */ = {isa = PBXFileReference; lastKnownFileType = folder.assetcatalog; path = Assets.xcassets; sourceTree = "<group>"; };
		09AEAA0821789A8F00F315B9 /* Base */ = {isa = PBXFileReference; lastKnownFileType = file.storyboard; name = Base; path = Base.lproj/LaunchScreen.storyboard; sourceTree = "<group>"; };
		09AEAA0A21789A8F00F315B9 /* Info.plist */ = {isa = PBXFileReference; lastKnownFileType = text.plist.xml; path = Info.plist; sourceTree = "<group>"; };
		09AEAA0B21789A8F00F315B9 /* main.m */ = {isa = PBXFileReference; lastKnownFileType = sourcecode.c.objc; path = main.m; sourceTree = "<group>"; };
		29D5652A7D7486BBC335F4D0 /* Pods-YJHttpToolExample.debug.xcconfig */ = {isa = PBXFileReference; includeInIndex = 1; lastKnownFileType = text.xcconfig; name = "Pods-YJHttpToolExample.debug.xcconfig"; path = "Pods/Target Support Files/Pods-YJHttpToolExample/Pods-YJHttpToolExample.debug.xcconfig"; sourceTree = "<group>"; };
		3188C1A0B0F6E697D5638F53 /* Pods-YJHttpToolExample.release.xcconfig */ = {isa = PBXFileReference; includeInIndex = 1; lastKnownFileType = text.xcconfig; name = "Pods-YJHttpToolExample.release.xcconfig"; path = "Pods/Target Support Files/Pods-YJHttpToolExample/Pods-YJHttpToolExample.release.xcconfig"; sourceTree = "<group>"; };
		F5C54AC71F540FE55A8A9B9B /* libPods-YJHttpToolExample.a */ = {isa = PBXFileReference; explicitFileType = archive.ar; includeInIndex = 0; path = "libPods-YJHttpToolExample.a"; sourceTree = BUILT_PRODUCTS_DIR; };
/* End PBXFileReference section */

/* Begin PBXFrameworksBuildPhase section */
		09AEA9F621789A8E00F315B9 /* Frameworks */ = {
			isa = PBXFrameworksBuildPhase;
			buildActionMask = 2147483647;
			files = (
				194E0A199D1A78344E1599D6 /* libPods-YJHttpToolExample.a in Frameworks */,
			);
			runOnlyForDeploymentPostprocessing = 0;
		};
/* End PBXFrameworksBuildPhase section */

/* Begin PBXGroup section */
		092FC5472192F29D00091D87 /* YJHttpTool */ = {
			isa = PBXGroup;
			children = (
				092FC5482192F29D00091D87 /* YJHttpTool.h */,
				092FC5492192F29D00091D87 /* YJHttpTool.m */,
			);
			name = YJHttpTool;
			path = ../YJHttpTool;
			sourceTree = "<group>";
		};
		09AEA9F021789A8E00F315B9 = {
			isa = PBXGroup;
			children = (
				092FC5472192F29D00091D87 /* YJHttpTool */,
				09AEA9FB21789A8E00F315B9 /* YJHttpToolExample */,
				09AEA9FA21789A8E00F315B9 /* Products */,
				488CF2B646BFA396168055F3 /* Pods */,
				71C7E2286792A4A1757E1800 /* Frameworks */,
			);
			sourceTree = "<group>";
		};
		09AEA9FA21789A8E00F315B9 /* Products */ = {
			isa = PBXGroup;
			children = (
				09AEA9F921789A8E00F315B9 /* YJHttpToolExample.app */,
			);
			name = Products;
			sourceTree = "<group>";
		};
		09AEA9FB21789A8E00F315B9 /* YJHttpToolExample */ = {
			isa = PBXGroup;
			children = (
				09AEA9FC21789A8E00F315B9 /* AppDelegate.h */,
				09AEA9FD21789A8E00F315B9 /* AppDelegate.m */,
				09AEA9FF21789A8E00F315B9 /* ViewController.h */,
				09AEAA0021789A8E00F315B9 /* ViewController.m */,
				09AEAA0221789A8E00F315B9 /* Main.storyboard */,
				09AEAA0521789A8F00F315B9 /* Assets.xcassets */,
				09AEAA0721789A8F00F315B9 /* LaunchScreen.storyboard */,
				09AEAA0A21789A8F00F315B9 /* Info.plist */,
				09AEAA0B21789A8F00F315B9 /* main.m */,
			);
			path = YJHttpToolExample;
			sourceTree = "<group>";
		};
		488CF2B646BFA396168055F3 /* Pods */ = {
			isa = PBXGroup;
			children = (
				29D5652A7D7486BBC335F4D0 /* Pods-YJHttpToolExample.debug.xcconfig */,
				3188C1A0B0F6E697D5638F53 /* Pods-YJHttpToolExample.release.xcconfig */,
			);
			name = Pods;
			sourceTree = "<group>";
		};
		71C7E2286792A4A1757E1800 /* Frameworks */ = {
			isa = PBXGroup;
			children = (
				F5C54AC71F540FE55A8A9B9B /* libPods-YJHttpToolExample.a */,
			);
			name = Frameworks;
			sourceTree = "<group>";
		};
/* End PBXGroup section */

/* Begin PBXNativeTarget section */
		09AEA9F821789A8E00F315B9 /* YJHttpToolExample */ = {
			isa = PBXNativeTarget;
			buildConfigurationList = 09AEAA0F21789A8F00F315B9 /* Build configuration list for PBXNativeTarget "YJHttpToolExample" */;
			buildPhases = (
				ACAFBB50ADC0E464A688DBAF /* [CP] Check Pods Manifest.lock */,
				09AEA9F521789A8E00F315B9 /* Sources */,
				09AEA9F621789A8E00F315B9 /* Frameworks */,
				09AEA9F721789A8E00F315B9 /* Resources */,
				F8A234DD736B7AE0B74A2BBD /* [CP] Embed Pods Frameworks */,
				E61F3848A35583374D43D384 /* [CP] Copy Pods Resources */,
			);
			buildRules = (
			);
			dependencies = (
			);
			name = YJHttpToolExample;
			productName = YJHttpToolExample;
			productReference = 09AEA9F921789A8E00F315B9 /* YJHttpToolExample.app */;
			productType = "com.apple.product-type.application";
		};
/* End PBXNativeTarget section */

/* Begin PBXProject section */
		09AEA9F121789A8E00F315B9 /* Project object */ = {
			isa = PBXProject;
			attributes = {
				LastUpgradeCheck = 1000;
				ORGANIZATIONNAME = yunli;
				TargetAttributes = {
					09AEA9F821789A8E00F315B9 = {
						CreatedOnToolsVersion = 10.0;
					};
				};
			};
			buildConfigurationList = 09AEA9F421789A8E00F315B9 /* Build configuration list for PBXProject "YJHttpToolExample" */;
			compatibilityVersion = "Xcode 9.3";
			developmentRegion = en;
			hasScannedForEncodings = 0;
			knownRegions = (
				en,
				Base,
			);
			mainGroup = 09AEA9F021789A8E00F315B9;
			productRefGroup = 09AEA9FA21789A8E00F315B9 /* Products */;
			projectDirPath = "";
			projectRoot = "";
			targets = (
				09AEA9F821789A8E00F315B9 /* YJHttpToolExample */,
			);
		};
/* End PBXProject section */

/* Begin PBXResourcesBuildPhase section */
		09AEA9F721789A8E00F315B9 /* Resources */ = {
			isa = PBXResourcesBuildPhase;
			buildActionMask = 2147483647;
			files = (
				09AEAA0921789A8F00F315B9 /* LaunchScreen.storyboard in Resources */,
				09AEAA0621789A8F00F315B9 /* Assets.xcassets in Resources */,
				09AEAA0421789A8E00F315B9 /* Main.storyboard in Resources */,
			);
			runOnlyForDeploymentPostprocessing = 0;
		};
/* End PBXResourcesBuildPhase section */

/* Begin PBXShellScriptBuildPhase section */
		ACAFBB50ADC0E464A688DBAF /* [CP] Check Pods Manifest.lock */ = {
			isa = PBXShellScriptBuildPhase;
			buildActionMask = 2147483647;
			files = (
			);
			inputFileListPaths = (
			);
			inputPaths = (
				"${PODS_PODFILE_DIR_PATH}/Podfile.lock",
				"${PODS_ROOT}/Manifest.lock",
			);
			name = "[CP] Check Pods Manifest.lock";
			outputFileListPaths = (
			);
			outputPaths = (
				"$(DERIVED_FILE_DIR)/Pods-YJHttpToolExample-checkManifestLockResult.txt",
			);
			runOnlyForDeploymentPostprocessing = 0;
			shellPath = /bin/sh;
			shellScript = "diff \"${PODS_PODFILE_DIR_PATH}/Podfile.lock\" \"${PODS_ROOT}/Manifest.lock\" > /dev/null\nif [ $? != 0 ] ; then\n    # print error to STDERR\n    echo \"error: The sandbox is not in sync with the Podfile.lock. Run 'pod install' or update your CocoaPods installation.\" >&2\n    exit 1\nfi\n# This output is used by Xcode 'outputs' to avoid re-running this script phase.\necho \"SUCCESS\" > \"${SCRIPT_OUTPUT_FILE_0}\"\n";
			showEnvVarsInLog = 0;
		};
		E61F3848A35583374D43D384 /* [CP] Copy Pods Resources */ = {
			isa = PBXShellScriptBuildPhase;
			buildActionMask = 2147483647;
			files = (
			);
			inputFileListPaths = (
			);
			inputPaths = (
			);
			name = "[CP] Copy Pods Resources";
			outputFileListPaths = (
			);
			outputPaths = (
			);
			runOnlyForDeploymentPostprocessing = 0;
			shellPath = /bin/sh;
			shellScript = "\"${SRCROOT}/Pods/Target Support Files/Pods-YJHttpToolExample/Pods-YJHttpToolExample-resources.sh\"\n";
			showEnvVarsInLog = 0;
		};
		F8A234DD736B7AE0B74A2BBD /* [CP] Embed Pods Frameworks */ = {
			isa = PBXShellScriptBuildPhase;
			buildActionMask = 2147483647;
			files = (
			);
			inputFileListPaths = (
			);
			inputPaths = (
			);
			name = "[CP] Embed Pods Frameworks";
			outputFileListPaths = (
			);
			outputPaths = (
			);
			runOnlyForDeploymentPostprocessing = 0;
			shellPath = /bin/sh;
			shellScript = "\"${SRCROOT}/Pods/Target Support Files/Pods-YJHttpToolExample/Pods-YJHttpToolExample-frameworks.sh\"\n";
			showEnvVarsInLog = 0;
		};
/* End PBXShellScriptBuildPhase section */

/* Begin PBXSourcesBuildPhase section */
		09AEA9F521789A8E00F315B9 /* Sources */ = {
			isa = PBXSourcesBuildPhase;
			buildActionMask = 2147483647;
			files = (
				092FC54A2192F29E00091D87 /* YJHttpTool.m in Sources */,
				09AEAA0121789A8E00F315B9 /* ViewController.m in Sources */,
				09AEAA0C21789A8F00F315B9 /* main.m in Sources */,
				09AEA9FE21789A8E00F315B9 /* AppDelegate.m in Sources */,
			);
			runOnlyForDeploymentPostprocessing = 0;
		};
/* End PBXSourcesBuildPhase section */

/* Begin PBXVariantGroup section */
		09AEAA0221789A8E00F315B9 /* Main.storyboard */ = {
			isa = PBXVariantGroup;
			children = (
				09AEAA0321789A8E00F315B9 /* Base */,
			);
			name = Main.storyboard;
			sourceTree = "<group>";
		};
		09AEAA0721789A8F00F315B9 /* LaunchScreen.storyboard */ = {
			isa = PBXVariantGroup;
			children = (
				09AEAA0821789A8F00F315B9 /* Base */,
			);
			name = LaunchScreen.storyboard;
			sourceTree = "<group>";
		};
/* End PBXVariantGroup section */

/* Begin XCBuildConfiguration section */
		09AEAA0D21789A8F00F315B9 /* Debug */ = {
			isa = XCBuildConfiguration;
			buildSettings = {
				ALWAYS_SEARCH_USER_PATHS = NO;
				CLANG_ANALYZER_NONNULL = YES;
				CLANG_ANALYZER_NUMBER_OBJECT_CONVERSION = YES_AGGRESSIVE;
				CLANG_CXX_LANGUAGE_STANDARD = "gnu++14";
				CLANG_CXX_LIBRARY = "libc++";
				CLANG_ENABLE_MODULES = YES;
				CLANG_ENABLE_OBJC_ARC = YES;
				CLANG_ENABLE_OBJC_WEAK = YES;
				CLANG_WARN_BLOCK_CAPTURE_AUTORELEASING = YES;
				CLANG_WARN_BOOL_CONVERSION = YES;
				CLANG_WARN_COMMA = YES;
				CLANG_WARN_CONSTANT_CONVERSION = YES;
				CLANG_WARN_DEPRECATED_OBJC_IMPLEMENTATIONS = YES;
				CLANG_WARN_DIRECT_OBJC_ISA_USAGE = YES_ERROR;
				CLANG_WARN_DOCUMENTATION_COMMENTS = YES;
				CLANG_WARN_EMPTY_BODY = YES;
				CLANG_WARN_ENUM_CONVERSION = YES;
				CLANG_WARN_INFINITE_RECURSION = YES;
				CLANG_WARN_INT_CONVERSION = YES;
				CLANG_WARN_NON_LITERAL_NULL_CONVERSION = YES;
				CLANG_WARN_OBJC_IMPLICIT_RETAIN_SELF = YES;
				CLANG_WARN_OBJC_LITERAL_CONVERSION = YES;
				CLANG_WARN_OBJC_ROOT_CLASS = YES_ERROR;
				CLANG_WARN_RANGE_LOOP_ANALYSIS = YES;
				CLANG_WARN_STRICT_PROTOTYPES = YES;
				CLANG_WARN_SUSPICIOUS_MOVE = YES;
				CLANG_WARN_UNGUARDED_AVAILABILITY = YES_AGGRESSIVE;
				CLANG_WARN_UNREACHABLE_CODE = YES;
				CLANG_WARN__DUPLICATE_METHOD_MATCH = YES;
				CODE_SIGN_IDENTITY = "iPhone Developer";
				COPY_PHASE_STRIP = NO;
				DEBUG_INFORMATION_FORMAT = dwarf;
				ENABLE_STRICT_OBJC_MSGSEND = YES;
				ENABLE_TESTABILITY = YES;
				GCC_C_LANGUAGE_STANDARD = gnu11;
				GCC_DYNAMIC_NO_PIC = NO;
				GCC_NO_COMMON_BLOCKS = YES;
				GCC_OPTIMIZATION_LEVEL = 0;
				GCC_PREPROCESSOR_DEFINITIONS = (
					"DEBUG=1",
					"$(inherited)",
				);
				GCC_WARN_64_TO_32_BIT_CONVERSION = YES;
				GCC_WARN_ABOUT_RETURN_TYPE = YES_ERROR;
				GCC_WARN_UNDECLARED_SELECTOR = YES;
				GCC_WARN_UNINITIALIZED_AUTOS = YES_AGGRESSIVE;
				GCC_WARN_UNUSED_FUNCTION = YES;
				GCC_WARN_UNUSED_VARIABLE = YES;
				IPHONEOS_DEPLOYMENT_TARGET = 12.0;
				MTL_ENABLE_DEBUG_INFO = INCLUDE_SOURCE;
				MTL_FAST_MATH = YES;
				ONLY_ACTIVE_ARCH = YES;
				SDKROOT = iphoneos;
			};
			name = Debug;
		};
		09AEAA0E21789A8F00F315B9 /* Release */ = {
			isa = XCBuildConfiguration;
			buildSettings = {
				ALWAYS_SEARCH_USER_PATHS = NO;
				CLANG_ANALYZER_NONNULL = YES;
				CLANG_ANALYZER_NUMBER_OBJECT_CONVERSION = YES_AGGRESSIVE;
				CLANG_CXX_LANGUAGE_STANDARD = "gnu++14";
				CLANG_CXX_LIBRARY = "libc++";
				CLANG_ENABLE_MODULES = YES;
				CLANG_ENABLE_OBJC_ARC = YES;
				CLANG_ENABLE_OBJC_WEAK = YES;
				CLANG_WARN_BLOCK_CAPTURE_AUTORELEASING = YES;
				CLANG_WARN_BOOL_CONVERSION = YES;
				CLANG_WARN_COMMA = YES;
				CLANG_WARN_CONSTANT_CONVERSION = YES;
				CLANG_WARN_DEPRECATED_OBJC_IMPLEMENTATIONS = YES;
				CLANG_WARN_DIRECT_OBJC_ISA_USAGE = YES_ERROR;
				CLANG_WARN_DOCUMENTATION_COMMENTS = YES;
				CLANG_WARN_EMPTY_BODY = YES;
				CLANG_WARN_ENUM_CONVERSION = YES;
				CLANG_WARN_INFINITE_RECURSION = YES;
				CLANG_WARN_INT_CONVERSION = YES;
				CLANG_WARN_NON_LITERAL_NULL_CONVERSION = YES;
				CLANG_WARN_OBJC_IMPLICIT_RETAIN_SELF = YES;
				CLANG_WARN_OBJC_LITERAL_CONVERSION = YES;
				CLANG_WARN_OBJC_ROOT_CLASS = YES_ERROR;
				CLANG_WARN_RANGE_LOOP_ANALYSIS = YES;
				CLANG_WARN_STRICT_PROTOTYPES = YES;
				CLANG_WARN_SUSPICIOUS_MOVE = YES;
				CLANG_WARN_UNGUARDED_AVAILABILITY = YES_AGGRESSIVE;
				CLANG_WARN_UNREACHABLE_CODE = YES;
				CLANG_WARN__DUPLICATE_METHOD_MATCH = YES;
				CODE_SIGN_IDENTITY = "iPhone Developer";
				COPY_PHASE_STRIP = NO;
				DEBUG_INFORMATION_FORMAT = "dwarf-with-dsym";
				ENABLE_NS_ASSERTIONS = NO;
				ENABLE_STRICT_OBJC_MSGSEND = YES;
				GCC_C_LANGUAGE_STANDARD = gnu11;
				GCC_NO_COMMON_BLOCKS = YES;
				GCC_WARN_64_TO_32_BIT_CONVERSION = YES;
				GCC_WARN_ABOUT_RETURN_TYPE = YES_ERROR;
				GCC_WARN_UNDECLARED_SELECTOR = YES;
				GCC_WARN_UNINITIALIZED_AUTOS = YES_AGGRESSIVE;
				GCC_WARN_UNUSED_FUNCTION = YES;
				GCC_WARN_UNUSED_VARIABLE = YES;
				IPHONEOS_DEPLOYMENT_TARGET = 12.0;
				MTL_ENABLE_DEBUG_INFO = NO;
				MTL_FAST_MATH = YES;
				SDKROOT = iphoneos;
				VALIDATE_PRODUCT = YES;
			};
			name = Release;
		};
		09AEAA1021789A8F00F315B9 /* Debug */ = {
			isa = XCBuildConfiguration;
			baseConfigurationReference = 29D5652A7D7486BBC335F4D0 /* Pods-YJHttpToolExample.debug.xcconfig */;
			buildSettings = {
				ASSETCATALOG_COMPILER_APPICON_NAME = AppIcon;
				CODE_SIGN_STYLE = Automatic;
				DEVELOPMENT_TEAM = 447C6XLHSL;
				INFOPLIST_FILE = YJHttpToolExample/Info.plist;
				LD_RUNPATH_SEARCH_PATHS = (
					"$(inherited)",
					"@executable_path/Frameworks",
				);
				PRODUCT_BUNDLE_IDENTIFIER = com.yunli.YJHttpToolExample;
				PRODUCT_NAME = "$(TARGET_NAME)";
				TARGETED_DEVICE_FAMILY = "1,2";
			};
			name = Debug;
		};
		09AEAA1121789A8F00F315B9 /* Release */ = {
			isa = XCBuildConfiguration;
			baseConfigurationReference = 3188C1A0B0F6E697D5638F53 /* Pods-YJHttpToolExample.release.xcconfig */;
			buildSettings = {
				ASSETCATALOG_COMPILER_APPICON_NAME = AppIcon;
				CODE_SIGN_STYLE = Automatic;
				DEVELOPMENT_TEAM = 447C6XLHSL;
				INFOPLIST_FILE = YJHttpToolExample/Info.plist;
				LD_RUNPATH_SEARCH_PATHS = (
					"$(inherited)",
					"@executable_path/Frameworks",
				);
				PRODUCT_BUNDLE_IDENTIFIER = com.yunli.YJHttpToolExample;
				PRODUCT_NAME = "$(TARGET_NAME)";
				TARGETED_DEVICE_FAMILY = "1,2";
			};
			name = Release;
		};
/* End XCBuildConfiguration section */

/* Begin XCConfigurationList section */
		09AEA9F421789A8E00F315B9 /* Build configuration list for PBXProject "YJHttpToolExample" */ = {
			isa = XCConfigurationList;
			buildConfigurations = (
				09AEAA0D21789A8F00F315B9 /* Debug */,
				09AEAA0E21789A8F00F315B9 /* Release */,
			);
			defaultConfigurationIsVisible = 0;
			defaultConfigurationName = Release;
		};
		09AEAA0F21789A8F00F315B9 /* Build configuration list for PBXNativeTarget "YJHttpToolExample" */ = {
			isa = XCConfigurationList;
			buildConfigurations = (
				09AEAA1021789A8F00F315B9 /* Debug */,
				09AEAA1121789A8F00F315B9 /* Release */,
			);
			defaultConfigurationIsVisible = 0;
			defaultConfigurationName = Release;
		};
/* End XCConfigurationList section */
	};
	rootObject = 09AEA9F121789A8E00F315B9 /* Project object */;
}
